
Microsoft Visual Studio Solution File, Format Version 12.00
# Visual Studio Version 17
VisualStudioVersion = 17.9.34723.18
MinimumVisualStudioVersion = 10.0.40219.1
Project("{9A19103F-16F7-4668-BE54-9A1E7A4F7556}") = "ExchangeBook", "ExchangeBook\ExchangeBook.csproj", "{1EFB875B-72A8-4910-8B49-C77D29852ADB}"
EndProject
Global
	GlobalSection(SolutionConfigurationPlatforms) = preSolution
		Debug|Any CPU = Debug|Any CPU
		Release|Any CPU = Release|Any CPU
	EndGlobalSection
	GlobalSection(ProjectConfigurationPlatforms) = postSolution
		{1EFB875B-72A8-4910-8B49-C77D29852ADB}.Debug|Any CPU.ActiveCfg = Debug|Any CPU
		{1EFB875B-72A8-4910-8B49-C77D29852ADB}.Debug|Any CPU.Build.0 = Debug|Any CPU
		{1EFB875B-72A8-4910-8B49-C77D29852ADB}.Release|Any CPU.ActiveCfg = Release|Any CPU
		{1EFB875B-72A8-4910-8B49-C77D29852ADB}.Release|Any CPU.Build.0 = Release|Any CPU
	EndGlobalSection
	GlobalSection(SolutionProperties) = preSolution
		HideSolutionNode = FALSE
	EndGlobalSection
	GlobalSection(ExtensibilityGlobals) = postSolution
		SolutionGuid = {8F568957-69BB-4EE0-A89D-6B0FB062AA6A}
	EndGlobalSection
EndGlobal
